github.com/containerd/nerdctl/mod/tigron v0.0.0-20260212081135-61a62f37ccbf h1:fs2wE/ms3LLU/EoAtFcKy/VXedQhxwAKm7v3xY/TWow=
github.com/containerd/nerdctl/mod/tigron v0.0.0-20260212081135-61a62f37ccbf/go.mod h1:gmUZh2wUVxr/msGogKUi6v9eJbP5ASO4fVYEPzHH4iI=
github.com/creack/pty v1.1.24 h1:bJrF4RRfyJnbTJqzRLHzcGaZK1NeM5kTC9jGgovnR1s=
github.com/creack/pty v1.1.24/go.mod h1:08sCNb52WyoAwi2QDyzUCTgcvVFhUzewun7wtTfvcwE=
github.com/google/go-cmp v0.5.9 h1:O2Tfq5qg4qc4AmwVlvv0oLiVAGB7enBSJ2x2DqQFi38=
github.com/google/go-cmp v0.5.9/go.mod h1:17dUlkBOakJ0+DkrSSNjCkIjxS6bF9zb3elmeNGIjoY=
github.com/icza/bitio v1.1.0 h1:ysX4vtldjdi3Ygai5m1cWy4oLkhWTAi+SyO6HC8L9T0=
github.com/icza/bitio v1.1.0/go.mod h1:0jGnlLAx8MKMr9VGnn/4YrvZiprkvBelsVIbA9Jjr9A=
github.com/icza/mighty v0.0.0-20180919140131-cfd07d671de6 h1:8UsGZ2rr2ksmEru6lToqnXgA8Mz1DP11X4zSJ159C3k=
github.com/icza/mighty v0.0.0-20180919140131-cfd07d671de6/go.mod h1:xQig96I1VNBDIWGCdTt54nHt6EeI639SmHycLYL7FkA=
github.com/mewkiz/pkg v0.0.0-20250417130911-3f050ff8c56d h1:IL2tii4jXLdhCeQN69HNzYYW1kl0meSG0wt5+sLwszU=
github.com/mewkiz/pkg v0.0.0-20250417130911-3f050ff8c56d/go.mod h1:SIpumAnUWSy0q9RzKD3pyH3g1t5vdawUAPcW5tQrUtI=
github.com/mewpkg/term v0.0.0-20241026122259-37a80af23985 h1:h8O1byDZ1uk6RUXMhj1QJU3VXFKXHDZxr4TXRPGeBa8=
github.com/mewpkg/term v0.0.0-20241026122259-37a80af23985/go.mod h1:uiPmbdUbdt1NkGApKl7htQjZ8S7XaGUAVulJUJ9v6q4=
github.com/mycophonic/agar v0.1.6 h1:sHitrApm4TDbS7FxsH5mriEp7k5YQF2YtXm617yIvos=
github.com/mycophonic/agar v0.1.6/go.mod h1:6lNPZhd4cBW2qIlQ262p1iDjP+rgSrZ97KL8jmI3GAg=
github.com/mycophonic/flac v1.0.0-rc2 h1:cn/IdrOo0dDIZRjenmjEeCqoDZOBp4WZ9cv9Pkpk93k=
github.com/mycophonic/flac v1.0.0-rc2/go.mod h1:0/VOUwjtgl71aLm//qS4RXAUq0u2nUJm4i5QZsyMark=
github.com/mycophonic/primordium v0.2.0 h1:K2BD0a10jxTxj2do0jtXmWCyq8hwFbizPbpcjdZv6Tg=
github.com/mycophonic/primordium v0.2.0/go.mod h1:QMZtK89KAZHgcVjeaB659fhqgTEXQkZDx0ZGcuorIQA=
go.uber.org/goleak v1.3.0 h1:2K3zAYmnTNqV73imy9J1T3WC+gmCePx2hEGkimedGto=
go.uber.org/goleak v1.3.0/go.mod h1:CoHD4mav9JJNrW/WLlf7HGZPjdw8EucARQHekz1X6bE=
golang.org/x/sync v0.19.0 h1:vV+1eWNmZ5geRlYjzm2adRgW2/mcpevXNg50YZtPCE4=
golang.org/x/sync v0.19.0/go.mod h1:9KTHXmSnoGruLpwFjVSX0lNNA75CykiMECbovNTZqGI=
golang.org/x/sys v0.41.0 h1:Ivj+2Cp/ylzLiEU89QhWblYnOE9zerudt9Ftecq2C6k=
golang.org/x/sys v0.41.0/go.mod h1:OgkHotnGiDImocRcuBABYBEXf8A9a87e/uXjp9XT3ks=
golang.org/x/term v0.40.0 h1:36e4zGLqU4yhjlmxEaagx2KuYbJq3EwY8K943ZsHcvg=
golang.org/x/term v0.40.0/go.mod h1:w2P8uVp06p2iyKKuvXIm7N/y0UCRt3UfJTfZ7oOpglM=
golang.org/x/text v0.34.0 h1:oL/Qq0Kdaqxa1KbNeMKwQq0reLCCaFtqu2eNuSeNHbk=
golang.org/x/text v0.34.0/go.mod h1:homfLqTYRFyVYemLBFl5GgL/DWEiH5wcsQ5gSh1yziA=
gotest.tools/v3 v3.5.2 h1:7koQfIKdy+I8UTetycgUqXWSDwpgv193Ka+qRsmBY8Q=
gotest.tools/v3 v3.5.2/go.mod h1:LtdLGcnqToBH83WByAAi/wiwSFCArdFIUV/xxN4pcjA=
